{
  "version": 4,
  "terraform_version": "1.13.5",
  "serial": 7,
  "lineage": "4bac6a2c-61ed-8ab2-1cad-2d8784881e79",
  "outputs": {
    "my-vm-public-ip": {
      "value": "34.229.87.158",
      "type": "string"
    }
  },
  "resources": [
    {
      "mode": "managed",
      "type": "aws_instance",
      "name": "example",
      "provider": "provider[\"registry.terraform.io/hashicorp/aws\"]",
      "instances": [
        {
          "schema_version": 2,
          "attributes": {
            "ami": "ami-0cae6d6fe6048ca2c",
            "arn": "arn:aws:ec2:us-east-1:992382386705:instance/i-0549cc52a42c4dab0",
            "associate_public_ip_address": true,
            "availability_zone": "us-east-1d",
            "capacity_reservation_specification": [
              {
                "capacity_reservation_preference": "open",
                "capacity_reservation_target": []
              }
            ],
            "cpu_options": [
              {
                "amd_sev_snp": "",
                "core_count": 1,
                "threads_per_core": 1
              }
            ],
            "credit_specification": [
              {
                "cpu_credits": "standard"
              }
            ],
            "disable_api_stop": false,
            "disable_api_termination": false,
            "ebs_block_device": [],
            "ebs_optimized": false,
            "enable_primary_ipv6": null,
            "enclave_options": [
              {
                "enabled": false
              }
            ],
            "ephemeral_block_device": [],
            "force_destroy": false,
            "get_password_data": false,
            "hibernation": false,
            "host_id": "",
            "host_resource_group_arn": null,
            "iam_instance_profile": "",
            "id": "i-0549cc52a42c4dab0",
            "instance_initiated_shutdown_behavior": "stop",
            "instance_lifecycle": "",
            "instance_market_options": [],
            "instance_state": "running",
            "instance_type": "t2.micro",
            "ipv6_address_count": 0,
            "ipv6_addresses": [],
            "key_name": "splunk-key",
            "launch_template": [],
            "maintenance_options": [
              {
                "auto_recovery": "default"
              }
            ],
            "metadata_options": [
              {
                "http_endpoint": "enabled",
                "http_protocol_ipv6": "disabled",
                "http_put_response_hop_limit": 2,
                "http_tokens": "required",
                "instance_metadata_tags": "disabled"
              }
            ],
            "monitoring": false,
            "network_interface": [],
            "outpost_arn": "",
            "password_data": "",
            "placement_group": "",
            "placement_group_id": "",
            "placement_partition_number": 0,
            "primary_network_interface": [
              {
                "delete_on_termination": true,
                "network_interface_id": "eni-050f93a4ad309057a"
              }
            ],
            "primary_network_interface_id": "eni-050f93a4ad309057a",
            "private_dns": "ip-172-31-18-197.ec2.internal",
            "private_dns_name_options": [
              {
                "enable_resource_name_dns_a_record": false,
                "enable_resource_name_dns_aaaa_record": false,
                "hostname_type": "ip-name"
              }
            ],
            "private_ip": "172.31.18.197",
            "public_dns": "ec2-34-229-87-158.compute-1.amazonaws.com",
            "public_ip": "34.229.87.158",
            "region": "us-east-1",
            "root_block_device": [
              {
                "delete_on_termination": true,
                "device_name": "/dev/xvda",
                "encrypted": false,
                "iops": 3000,
                "kms_key_id": "",
                "tags": {},
                "tags_all": {},
                "throughput": 125,
                "volume_id": "vol-0badf29d41916bc8c",
                "volume_size": 8,
                "volume_type": "gp3"
              }
            ],
            "secondary_private_ips": [],
            "security_groups": [
              "default"
            ],
            "source_dest_check": true,
            "spot_instance_request_id": "",
            "subnet_id": "subnet-0f9867f363a96b790",
            "tags": {
              "Name": "ashutoshh-vm-newname-final"
            },
            "tags_all": {
              "Name": "ashutoshh-vm-newname-final"
            },
            "tenancy": "default",
            "timeouts": null,
            "user_data": null,
            "user_data_base64": null,
            "user_data_replace_on_change": false,
            "volume_tags": null,
            "vpc_security_group_ids": [
              "sg-07138df2e19c406e4"
            ]
          },
          "sensitive_attributes": [],
          "identity_schema_version": 0,
          "identity": {
            "account_id": "992382386705",
            "id": "i-0549cc52a42c4dab0",
            "region": "us-east-1"
          },
          "private": "eyJlMmJmYjczMC1lY2FhLTExZTYtOGY4OC0zNDM2M2JjN2M0YzAiOnsiY3JlYXRlIjo2MDAwMDAwMDAwMDAsImRlbGV0ZSI6MTIwMDAwMDAwMDAwMCwicmVhZCI6OTAwMDAwMDAwMDAwLCJ1cGRhdGUiOjYwMDAwMDAwMDAwMH0sInNjaGVtYV92ZXJzaW9uIjoiMiJ9"
        }
      ]
    },
    {
      "mode": "managed",
      "type": "local_file",
      "name": "terry_ip",
      "provider": "provider[\"registry.terraform.io/hashicorp/local\"]",
      "instances": [
        {
          "schema_version": 0,
          "attributes": {
            "content": " My public IP is 34.229.87.158",
            "content_base64": null,
            "content_base64sha256": "3rB1GNtAOeX4eRd3nqCQPiWq0uNiqGHUX5e7/JiA2VI=",
            "content_base64sha512": "iUfL5YSJZoDQ+tcBGzdgfE7g3drefFAfpM8/g6XG37Rdytt2Ers618CHgYeqfja80SqU5wipyG8UcFw75Hf1lQ==",
            "content_md5": "dea0c96b749cacc958dd0998cce13b0f",
            "content_sha1": "08321f84e6709276117763a43398d96684239696",
            "content_sha256": "deb07518db4039e5f87917779ea0903e25aad2e362a861d45f97bbfc9880d952",
            "content_sha512": "8947cbe584896680d0fad7011b37607c4ee0dddade7c501fa4cf3f83a5c6dfb45dcadb7612bb3ad7c0878187aa7e36bcd12a94e708a9c86f14705c3be477f595",
            "directory_permission": "0777",
            "file_permission": "0777",
            "filename": "./terry_ip.txt",
            "id": "08321f84e6709276117763a43398d96684239696",
            "sensitive_content": null,
            "source": null
          },
          "sensitive_attributes": [
            [
              {
                "type": "get_attr",
                "value": "sensitive_content"
              }
            ]
          ],
          "identity_schema_version": 0,
          "dependencies": [
            "aws_instance.example"
          ]
        }
      ]
    }
  ],
  "check_results": null
}
